Microsoft Visual Studio Solution File, Format Version 12.00
# Visual Studio Version 17
VisualStudioVersion = 17.11.35219.272
MinimumVisualStudioVersion = 10.0.40219.1
Project("{FAE04EC0-301F-11D3-BF4B-00C04F79EFBC}") = "TrucoScorerClassic.Android", "TrucoScorerClassic.Android\TrucoScorerClassic.Android.csproj", "{3D3D4D3F-3068-4402-BBE7-B2D57A8ADFE4}"
EndProject
Project("{FAE04EC0-301F-11D3-BF4B-00C04F79EFBC}") = "TrucoScorerClassic.iOS", "TrucoScorerClassic.iOS\TrucoScorerClassic.iOS.csproj", "{F5317D26-3BA1-4CE6-A4C5-00413C1D26D4}"
EndProject
Project("{9A19103F-16F7-4668-BE54-9A1E7A4F7556}") = "TrucoScorerClassic", "TrucoScorerClassic\TrucoScorerClassic.csproj", "{F5554D69-060C-4D4B-A0E1-1F575EE7AC56}"
EndProject
Project("{9A19103F-16F7-4668-BE54-9A1E7A4F7556}") = "TrucoScorerClassicCore", "TrucoScorerClassicCore\TrucoScorerClassicCore.csproj", "{29D987FD-680F-4D2F-AC4D-C895744B8588}"
EndProject
Global
	GlobalSection(SolutionConfigurationPlatforms) = preSolution
		Debug|Any CPU = Debug|Any CPU
		Debug|iPhone = Debug|iPhone
		Debug|iPhoneSimulator = Debug|iPhoneSimulator
		Release|Any CPU = Release|Any CPU
		Release|iPhone = Release|iPhone
		Release|iPhoneSimulator = Release|iPhoneSimulator
	EndGlobalSection
	GlobalSection(ProjectConfigurationPlatforms) = postSolution
		{3D3D4D3F-3068-4402-BBE7-B2D57A8ADFE4}.Debug|Any CPU.ActiveCfg = Debug|Any CPU
		{3D3D4D3F-3068-4402-BBE7-B2D57A8ADFE4}.Debug|Any CPU.Build.0 = Debug|Any CPU
		{3D3D4D3F-3068-4402-BBE7-B2D57A8ADFE4}.Debug|Any CPU.Deploy.0 = Debug|Any CPU
		{3D3D4D3F-3068-4402-BBE7-B2D57A8ADFE4}.Debug|iPhone.ActiveCfg = Debug|Any CPU
		{3D3D4D3F-3068-4402-BBE7-B2D57A8ADFE4}.Debug|iPhone.Build.0 = Debug|Any CPU
		{3D3D4D3F-3068-4402-BBE7-B2D57A8ADFE4}.Debug|iPhoneSimulator.ActiveCfg = Debug|Any CPU
		{3D3D4D3F-3068-4402-BBE7-B2D57A8ADFE4}.Debug|iPhoneSimulator.Build.0 = Debug|Any CPU
		{3D3D4D3F-3068-4402-BBE7-B2D57A8ADFE4}.Release|Any CPU.ActiveCfg = Release|Any CPU
		{3D3D4D3F-3068-4402-BBE7-B2D57A8ADFE4}.Release|Any CPU.Build.0 = Release|Any CPU
		{3D3D4D3F-3068-4402-BBE7-B2D57A8ADFE4}.Release|iPhone.ActiveCfg = Release|Any CPU
		{3D3D4D3F-3068-4402-BBE7-B2D57A8ADFE4}.Release|iPhone.Build.0 = Release|Any CPU
		{3D3D4D3F-3068-4402-BBE7-B2D57A8ADFE4}.Release|iPhoneSimulator.ActiveCfg = Release|Any CPU
		{3D3D4D3F-3068-4402-BBE7-B2D57A8ADFE4}.Release|iPhoneSimulator.Build.0 = Release|Any CPU
		{F5317D26-3BA1-4CE6-A4C5-00413C1D26D4}.Debug|Any CPU.ActiveCfg = Debug|iPhoneSimulator
		{F5317D26-3BA1-4CE6-A4C5-00413C1D26D4}.Debug|Any CPU.Build.0 = Debug|iPhoneSimulator
		{F5317D26-3BA1-4CE6-A4C5-00413C1D26D4}.Debug|iPhone.ActiveCfg = Debug|iPhone
		{F5317D26-3BA1-4CE6-A4C5-00413C1D26D4}.Debug|iPhone.Build.0 = Debug|iPhone
		{F5317D26-3BA1-4CE6-A4C5-00413C1D26D4}.Debug|iPhoneSimulator.ActiveCfg = Debug|iPhoneSimulator
		{F5317D26-3BA1-4CE6-A4C5-00413C1D26D4}.Debug|iPhoneSimulator.Build.0 = Debug|iPhoneSimulator
		{F5317D26-3BA1-4CE6-A4C5-00413C1D26D4}.Release|Any CPU.ActiveCfg = Release|iPhoneSimulator
		{F5317D26-3BA1-4CE6-A4C5-00413C1D26D4}.Release|Any CPU.Build.0 = Release|iPhoneSimulator
		{F5317D26-3BA1-4CE6-A4C5-00413C1D26D4}.Release|iPhone.ActiveCfg = Release|iPhone
		{F5317D26-3BA1-4CE6-A4C5-00413C1D26D4}.Release|iPhone.Build.0 = Release|iPhone
		{F5317D26-3BA1-4CE6-A4C5-00413C1D26D4}.Release|iPhoneSimulator.ActiveCfg = Release|iPhoneSimulator
		{F5317D26-3BA1-4CE6-A4C5-00413C1D26D4}.Release|iPhoneSimulator.Build.0 = Release|iPhoneSimulator
		{F5554D69-060C-4D4B-A0E1-1F575EE7AC56}.Debug|Any CPU.ActiveCfg = Debug|Any CPU
		{F5554D69-060C-4D4B-A0E1-1F575EE7AC56}.Debug|Any CPU.Build.0 = Debug|Any CPU
		{F5554D69-060C-4D4B-A0E1-1F575EE7AC56}.Debug|iPhone.ActiveCfg = Debug|Any CPU
		{F5554D69-060C-4D4B-A0E1-1F575EE7AC56}.Debug|iPhone.Build.0 = Debug|Any CPU
		{F5554D69-060C-4D4B-A0E1-1F575EE7AC56}.Debug|iPhoneSimulator.ActiveCfg = Debug|Any CPU
		{F5554D69-060C-4D4B-A0E1-1F575EE7AC56}.Debug|iPhoneSimulator.Build.0 = Debug|Any CPU
		{F5554D69-060C-4D4B-A0E1-1F575EE7AC56}.Release|Any CPU.ActiveCfg = Release|Any CPU
		{F5554D69-060C-4D4B-A0E1-1F575EE7AC56}.Release|Any CPU.Build.0 = Release|Any CPU
		{F5554D69-060C-4D4B-A0E1-1F575EE7AC56}.Release|iPhone.ActiveCfg = Release|Any CPU
		{F5554D69-060C-4D4B-A0E1-1F575EE7AC56}.Release|iPhone.Build.0 = Release|Any CPU
		{F5554D69-060C-4D4B-A0E1-1F575EE7AC56}.Release|iPhoneSimulator.ActiveCfg = Release|Any CPU
		{F5554D69-060C-4D4B-A0E1-1F575EE7AC56}.Release|iPhoneSimulator.Build.0 = Release|Any CPU
		{29D987FD-680F-4D2F-AC4D-C895744B8588}.Debug|Any CPU.ActiveCfg = Debug|Any CPU
		{29D987FD-680F-4D2F-AC4D-C895744B8588}.Debug|Any CPU.Build.0 = Debug|Any CPU
		{29D987FD-680F-4D2F-AC4D-C895744B8588}.Debug|iPhone.ActiveCfg = Debug|Any CPU
		{29D987FD-680F-4D2F-AC4D-C895744B8588}.Debug|iPhone.Build.0 = Debug|Any CPU
		{29D987FD-680F-4D2F-AC4D-C895744B8588}.Debug|iPhoneSimulator.ActiveCfg = Debug|Any CPU
		{29D987FD-680F-4D2F-AC4D-C895744B8588}.Debug|iPhoneSimulator.Build.0 = Debug|Any CPU
		{29D987FD-680F-4D2F-AC4D-C895744B8588}.Release|Any CPU.ActiveCfg = Release|Any CPU
		{29D987FD-680F-4D2F-AC4D-C895744B8588}.Release|Any CPU.Build.0 = Release|Any CPU
		{29D987FD-680F-4D2F-AC4D-C895744B8588}.Release|iPhone.ActiveCfg = Release|Any CPU
		{29D987FD-680F-4D2F-AC4D-C895744B8588}.Release|iPhone.Build.0 = Release|Any CPU
		{29D987FD-680F-4D2F-AC4D-C895744B8588}.Release|iPhoneSimulator.ActiveCfg = Release|Any CPU
		{29D987FD-680F-4D2F-AC4D-C895744B8588}.Release|iPhoneSimulator.Build.0 = Release|Any CPU
	EndGlobalSection
	GlobalSection(SolutionProperties) = preSolution
		HideSolutionNode = FALSE
	EndGlobalSection
EndGlobal
