
Microsoft Visual Studio Solution File, Format Version 12.00
# Visual Studio 15
Project("{FAE04EC0-301F-11D3-BF4B-00C04F79EFBC}") = "TrucoScorerClassic.Android", "TrucoScorerClassic.Android\TrucoScorerClassic.Android.csproj", "{3D3D4D3F-3068-4402-BBE7-B2D57A8ADFE4}"
EndProject
Project("{FAE04EC0-301F-11D3-BF4B-00C04F79EFBC}") = "TrucoScorerClassic.iOS", "TrucoScorerClassic.iOS\TrucoScorerClassic.iOS.csproj", "{F5317D26-3BA1-4CE6-A4C5-00413C1D26D4}"
EndProject
Project("{FAE04EC0-301F-11D3-BF4B-00C04F79EFBC}") = "TrucoScorerClassic", "TrucoScorerClassic\TrucoScorerClassic.csproj", "{F5554D69-060C-4D4B-A0E1-1F575EE7AC56}"
EndProject
Global
	GlobalSection(SolutionConfigurationPlatforms) = preSolution
		Debug|Any CPU = Debug|Any CPU
		Release|Any CPU = Release|Any CPU
		Debug|iPhoneSimulator = Debug|iPhoneSimulator
		Release|iPhoneSimulator = Release|iPhoneSimulator
		Debug|iPhone = Debug|iPhone
		Release|iPhone = Release|iPhone
	EndGlobalSection
	GlobalSection(ProjectConfigurationPlatforms) = postSolution
		{3D3D4D3F-3068-4402-BBE7-B2D57A8ADFE4}.Debug|Any CPU.ActiveCfg = Debug|Any CPU
		{3D3D4D3F-3068-4402-BBE7-B2D57A8ADFE4}.Debug|Any CPU.Build.0 = Debug|Any CPU
		{3D3D4D3F-3068-4402-BBE7-B2D57A8ADFE4}.Release|Any CPU.ActiveCfg = Release|Any CPU
		{3D3D4D3F-3068-4402-BBE7-B2D57A8ADFE4}.Release|Any CPU.Build.0 = Release|Any CPU
		{3D3D4D3F-3068-4402-BBE7-B2D57A8ADFE4}.Debug|iPhoneSimulator.ActiveCfg = Debug|Any CPU
		{3D3D4D3F-3068-4402-BBE7-B2D57A8ADFE4}.Debug|iPhoneSimulator.Build.0 = Debug|Any CPU
		{3D3D4D3F-3068-4402-BBE7-B2D57A8ADFE4}.Release|iPhoneSimulator.ActiveCfg = Release|Any CPU
		{3D3D4D3F-3068-4402-BBE7-B2D57A8ADFE4}.Release|iPhoneSimulator.Build.0 = Release|Any CPU
		{3D3D4D3F-3068-4402-BBE7-B2D57A8ADFE4}.Debug|iPhone.ActiveCfg = Debug|Any CPU
		{3D3D4D3F-3068-4402-BBE7-B2D57A8ADFE4}.Debug|iPhone.Build.0 = Debug|Any CPU
		{3D3D4D3F-3068-4402-BBE7-B2D57A8ADFE4}.Release|iPhone.ActiveCfg = Release|Any CPU
		{3D3D4D3F-3068-4402-BBE7-B2D57A8ADFE4}.Release|iPhone.Build.0 = Release|Any CPU
		{F5317D26-3BA1-4CE6-A4C5-00413C1D26D4}.Debug|Any CPU.ActiveCfg = Debug|iPhoneSimulator
		{F5317D26-3BA1-4CE6-A4C5-00413C1D26D4}.Debug|Any CPU.Build.0 = Debug|iPhoneSimulator
		{F5317D26-3BA1-4CE6-A4C5-00413C1D26D4}.Release|Any CPU.ActiveCfg = Release|iPhoneSimulator
		{F5317D26-3BA1-4CE6-A4C5-00413C1D26D4}.Release|Any CPU.Build.0 = Release|iPhoneSimulator
		{F5317D26-3BA1-4CE6-A4C5-00413C1D26D4}.Debug|iPhoneSimulator.ActiveCfg = Debug|iPhoneSimulator
		{F5317D26-3BA1-4CE6-A4C5-00413C1D26D4}.Debug|iPhoneSimulator.Build.0 = Debug|iPhoneSimulator
		{F5317D26-3BA1-4CE6-A4C5-00413C1D26D4}.Release|iPhoneSimulator.ActiveCfg = Release|iPhoneSimulator
		{F5317D26-3BA1-4CE6-A4C5-00413C1D26D4}.Release|iPhoneSimulator.Build.0 = Release|iPhoneSimulator
		{F5317D26-3BA1-4CE6-A4C5-00413C1D26D4}.Debug|iPhone.ActiveCfg = Debug|iPhone
		{F5317D26-3BA1-4CE6-A4C5-00413C1D26D4}.Debug|iPhone.Build.0 = Debug|iPhone
		{F5317D26-3BA1-4CE6-A4C5-00413C1D26D4}.Release|iPhone.ActiveCfg = Release|iPhone
		{F5317D26-3BA1-4CE6-A4C5-00413C1D26D4}.Release|iPhone.Build.0 = Release|iPhone
		{F5554D69-060C-4D4B-A0E1-1F575EE7AC56}.Debug|Any CPU.ActiveCfg = Debug|Any CPU
		{F5554D69-060C-4D4B-A0E1-1F575EE7AC56}.Debug|Any CPU.Build.0 = Debug|Any CPU
		{F5554D69-060C-4D4B-A0E1-1F575EE7AC56}.Release|Any CPU.ActiveCfg = Release|Any CPU
		{F5554D69-060C-4D4B-A0E1-1F575EE7AC56}.Release|Any CPU.Build.0 = Release|Any CPU
		{F5554D69-060C-4D4B-A0E1-1F575EE7AC56}.Debug|iPhoneSimulator.ActiveCfg = Debug|Any CPU
		{F5554D69-060C-4D4B-A0E1-1F575EE7AC56}.Debug|iPhoneSimulator.Build.0 = Debug|Any CPU
		{F5554D69-060C-4D4B-A0E1-1F575EE7AC56}.Release|iPhoneSimulator.ActiveCfg = Release|Any CPU
		{F5554D69-060C-4D4B-A0E1-1F575EE7AC56}.Release|iPhoneSimulator.Build.0 = Release|Any CPU
		{F5554D69-060C-4D4B-A0E1-1F575EE7AC56}.Debug|iPhone.ActiveCfg = Debug|Any CPU
		{F5554D69-060C-4D4B-A0E1-1F575EE7AC56}.Debug|iPhone.Build.0 = Debug|Any CPU
		{F5554D69-060C-4D4B-A0E1-1F575EE7AC56}.Release|iPhone.ActiveCfg = Release|Any CPU
		{F5554D69-060C-4D4B-A0E1-1F575EE7AC56}.Release|iPhone.Build.0 = Release|Any CPU
	EndGlobalSection
EndGlobal
